// !$*UTF8*$!
{
	archiveVersion = 1;
	classes = {
	};
	objectVersion = 46;
	objects = {

/* Begin PBXBuildFile section */
		6CFAE9591E8AF66500810CF0 /* AppDelegate.swift in Sources */ = {isa = PBXBuildFile; fileRef = 6CFAE9581E8AF66500810CF0 /* AppDelegate.swift */; };
		6CFAE95B1E8AF66500810CF0 /* ViewController.swift in Sources */ = {isa = PBXBuildFile; fileRef = 6CFAE95A1E8AF66500810CF0 /* ViewController.swift */; };
		6CFAE95E1E8AF66500810CF0 /* Main.storyboard in Resources */ = {isa = PBXBuildFile; fileRef = 6CFAE95C1E8AF66500810CF0 /* Main.storyboard */; };
		6CFAE9611E8AF66500810CF0 /* Random_Project.xcdatamodeld in Sources */ = {isa = PBXBuildFile; fileRef = 6CFAE95F1E8AF66500810CF0 /* Random_Project.xcdatamodeld */; };
		6CFAE9631E8AF66500810CF0 /* Assets.xcassets in Resources */ = {isa = PBXBuildFile; fileRef = 6CFAE9621E8AF66500810CF0 /* Assets.xcassets */; };
		6CFAE9661E8AF66500810CF0 /* LaunchScreen.storyboard in Resources */ = {isa = PBXBuildFile; fileRef = 6CFAE9641E8AF66500810CF0 /* LaunchScreen.storyboard */; };
		6CFAE9711E8AF66500810CF0 /* Random_ProjectTests.swift in Sources */ = {isa = PBXBuildFile; fileRef = 6CFAE9701E8AF66500810CF0 /* Random_ProjectTests.swift */; };
		6CFAE97C1E8AF66500810CF0 /* Random_ProjectUITests.swift in Sources */ = {isa = PBXBuildFile; fileRef = 6CFAE97B1E8AF66500810CF0 /* Random_ProjectUITests.swift */; };
/* End PBXBuildFile section */

/* Begin PBXContainerItemProxy section */
		6CFAE96D1E8AF66500810CF0 /* PBXContainerItemProxy */ = {
			isa = PBXContainerItemProxy;
			containerPortal = 6CFAE94D1E8AF66500810CF0 /* Project object */;
			proxyType = 1;
			remoteGlobalIDString = 6CFAE9541E8AF66500810CF0;
			remoteInfo = "Random Project";
		};
		6CFAE9781E8AF66500810CF0 /* PBXContainerItemProxy */ = {
			isa = PBXContainerItemProxy;
			containerPortal = 6CFAE94D1E8AF66500810CF0 /* Project object */;
			proxyType = 1;
			remoteGlobalIDString = 6CFAE9541E8AF66500810CF0;
			remoteInfo = "Random Project";
		};
/* End PBXContainerItemProxy section */

/* Begin PBXFileReference section */
		6CFAE9551E8AF66500810CF0 /* Random Project.app */ = {isa = PBXFileReference; explicitFileType = wrapper.application; includeInIndex = 0; path = "Random Project.app"; sourceTree = BUILT_PRODUCTS_DIR; };
		6CFAE9581E8AF66500810CF0 /* AppDelegate.swift */ = {isa = PBXFileReference; lastKnownFileType = sourcecode.swift; path = AppDelegate.swift; sourceTree = "<group>"; };
		6CFAE95A1E8AF66500810CF0 /* ViewController.swift */ = {isa = PBXFileReference; lastKnownFileType = sourcecode.swift; path = ViewController.swift; sourceTree = "<group>"; };
		6CFAE95D1E8AF66500810CF0 /* Base */ = {isa = PBXFileReference; lastKnownFileType = file.storyboard; name = Base; path = Base.lproj/Main.storyboard; sourceTree = "<group>"; };
		6CFAE9601E8AF66500810CF0 /* Random_Project.xcdatamodel */ = {isa = PBXFileReference; lastKnownFileType = wrapper.xcdatamodel; path = Random_Project.xcdatamodel; sourceTree = "<group>"; };
		6CFAE9621E8AF66500810CF0 /* Assets.xcassets */ = {isa = PBXFileReference; lastKnownFileType = folder.assetcatalog; path = Assets.xcassets; sourceTree = "<group>"; };
		6CFAE9651E8AF66500810CF0 /* Base */ = {isa = PBXFileReference; lastKnownFileType = file.storyboard; name = Base; path = Base.lproj/LaunchScreen.storyboard; sourceTree = "<group>"; };
		6CFAE9671E8AF66500810CF0 /* Info.plist */ = {isa = PBXFileReference; lastKnownFileType = text.plist.xml; path = Info.plist; sourceTree = "<group>"; };
		6CFAE96C1E8AF66500810CF0 /* Random ProjectTests.xctest */ = {isa = PBXFileReference; explicitFileType = wrapper.cfbundle; includeInIndex = 0; path = "Random ProjectTests.xctest"; sourceTree = BUILT_PRODUCTS_DIR; };
		6CFAE9701E8AF66500810CF0 /* Random_ProjectTests.swift */ = {isa = PBXFileReference; lastKnownFileType = sourcecode.swift; path = Random_ProjectTests.swift; sourceTree = "<group>"; };
		6CFAE9721E8AF66500810CF0 /* Info.plist */ = {isa = PBXFileReference; lastKnownFileType = text.plist.xml; path = Info.plist; sourceTree = "<group>"; };
		6CFAE9771E8AF66500810CF0 /* Random ProjectUITests.xctest */ = {isa = PBXFileReference; explicitFileType = wrapper.cfbundle; includeInIndex = 0; path = "Random ProjectUITests.xctest"; sourceTree = BUILT_PRODUCTS_DIR; };
		6CFAE97B1E8AF66500810CF0 /* Random_ProjectUITests.swift */ = {isa = PBXFileReference; lastKnownFileType = sourcecode.swift; path = Random_ProjectUITests.swift; sourceTree = "<group>"; };
		6CFAE97D1E8AF66500810CF0 /* Info.plist */ = {isa = PBXFileReference; lastKnownFileType = text.plist.xml; path = Info.plist; sourceTree = "<group>"; };
/* End PBXFileReference section */

/* Begin PBXFrameworksBuildPhase section */
		6CFAE9521E8AF66500810CF0 /* Frameworks */ = {
			isa = PBXFrameworksBuildPhase;
			buildActionMask = 2147483647;
			files = (
			);
			runOnlyForDeploymentPostprocessing = 0;
		};
		6CFAE9691E8AF66500810CF0 /* Frameworks */ = {
			isa = PBXFrameworksBuildPhase;
			buildActionMask = 2147483647;
			files = (
			);
			runOnlyForDeploymentPostprocessing = 0;
		};
		6CFAE9741E8AF66500810CF0 /* Frameworks */ = {
			isa = PBXFrameworksBuildPhase;
			buildActionMask = 2147483647;
			files = (
			);
			runOnlyForDeploymentPostprocessing = 0;
		};
/* End PBXFrameworksBuildPhase section */

/* Begin PBXGroup section */
		6CFAE94C1E8AF66500810CF0 = {
			isa = PBXGroup;
			children = (
				6CFAE9571E8AF66500810CF0 /* Random Project */,
				6CFAE96F1E8AF66500810CF0 /* Random ProjectTests */,
				6CFAE97A1E8AF66500810CF0 /* Random ProjectUITests */,
				6CFAE9561E8AF66500810CF0 /* Products */,
			);
			sourceTree = "<group>";
		};
		6CFAE9561E8AF66500810CF0 /* Products */ = {
			isa = PBXGroup;
			children = (
				6CFAE9551E8AF66500810CF0 /* Random Project.app */,
				6CFAE96C1E8AF66500810CF0 /* Random ProjectTests.xctest */,
				6CFAE9771E8AF66500810CF0 /* Random ProjectUITests.xctest */,
			);
			name = Products;
			sourceTree = "<group>";
		};
		6CFAE9571E8AF66500810CF0 /* Random Project */ = {
			isa = PBXGroup;
			children = (
				6CFAE9581E8AF66500810CF0 /* AppDelegate.swift */,
				6CFAE95A1E8AF66500810CF0 /* ViewController.swift */,
				6CFAE95C1E8AF66500810CF0 /* Main.storyboard */,
				6CFAE9621E8AF66500810CF0 /* Assets.xcassets */,
				6CFAE9641E8AF66500810CF0 /* LaunchScreen.storyboard */,
				6CFAE9671E8AF66500810CF0 /* Info.plist */,
				6CFAE95F1E8AF66500810CF0 /* Random_Project.xcdatamodeld */,
			);
			path = "Random Project";
			sourceTree = "<group>";
		};
		6CFAE96F1E8AF66500810CF0 /* Random ProjectTests */ = {
			isa = PBXGroup;
			children = (
				6CFAE9701E8AF66500810CF0 /* Random_ProjectTests.swift */,
				6CFAE9721E8AF66500810CF0 /* Info.plist */,
			);
			path = "Random ProjectTests";
			sourceTree = "<group>";
		};
		6CFAE97A1E8AF66500810CF0 /* Random ProjectUITests */ = {
			isa = PBXGroup;
			children = (
				6CFAE97B1E8AF66500810CF0 /* Random_ProjectUITests.swift */,
				6CFAE97D1E8AF66500810CF0 /* Info.plist */,
			);
			path = "Random ProjectUITests";
			sourceTree = "<group>";
		};
/* End PBXGroup section */

/* Begin PBXNativeTarget section */
		6CFAE9541E8AF66500810CF0 /* Random Project */ = {
			isa = PBXNativeTarget;
			buildConfigurationList = 6CFAE9801E8AF66500810CF0 /* Build configuration list for PBXNativeTarget "Random Project" */;
			buildPhases = (
				6CFAE9511E8AF66500810CF0 /* Sources */,
				6CFAE9521E8AF66500810CF0 /* Frameworks */,
				6CFAE9531E8AF66500810CF0 /* Resources */,
			);
			buildRules = (
			);
			dependencies = (
			);
			name = "Random Project";
			productName = "Random Project";
			productReference = 6CFAE9551E8AF66500810CF0 /* Random Project.app */;
			productType = "com.apple.product-type.application";
		};
		6CFAE96B1E8AF66500810CF0 /* Random ProjectTests */ = {
			isa = PBXNativeTarget;
			buildConfigurationList = 6CFAE9831E8AF66500810CF0 /* Build configuration list for PBXNativeTarget "Random ProjectTests" */;
			buildPhases = (
				6CFAE9681E8AF66500810CF0 /* Sources */,
				6CFAE9691E8AF66500810CF0 /* Frameworks */,
				6CFAE96A1E8AF66500810CF0 /* Resources */,
			);
			buildRules = (
			);
			dependencies = (
				6CFAE96E1E8AF66500810CF0 /* PBXTargetDependency */,
			);
			name = "Random ProjectTests";
			productName = "Random ProjectTests";
			productReference = 6CFAE96C1E8AF66500810CF0 /* Random ProjectTests.xctest */;
			productType = "com.apple.product-type.bundle.unit-test";
		};
		6CFAE9761E8AF66500810CF0 /* Random ProjectUITests */ = {
			isa = PBXNativeTarget;
			buildConfigurationList = 6CFAE9861E8AF66500810CF0 /* Build configuration list for PBXNativeTarget "Random ProjectUITests" */;
			buildPhases = (
				6CFAE9731E8AF66500810CF0 /* Sources */,
				6CFAE9741E8AF66500810CF0 /* Frameworks */,
				6CFAE9751E8AF66500810CF0 /* Resources */,
			);
			buildRules = (
			);
			dependencies = (
				6CFAE9791E8AF66500810CF0 /* PBXTargetDependency */,
			);
			name = "Random ProjectUITests";
			productName = "Random ProjectUITests";
			productReference = 6CFAE9771E8AF66500810CF0 /* Random ProjectUITests.xctest */;
			productType = "com.apple.product-type.bundle.ui-testing";
		};
/* End PBXNativeTarget section */

/* Begin PBXProject section */
		6CFAE94D1E8AF66500810CF0 /* Project object */ = {
			isa = PBXProject;
			attributes = {
				LastSwiftUpdateCheck = 0820;
				LastUpgradeCheck = 0820;
				ORGANIZATIONNAME = "Patrick O'Brien";
				TargetAttributes = {
					6CFAE9541E8AF66500810CF0 = {
						CreatedOnToolsVersion = 8.2.1;
						DevelopmentTeam = 2S3D8J8M3T;
						ProvisioningStyle = Automatic;
					};
					6CFAE96B1E8AF66500810CF0 = {
						CreatedOnToolsVersion = 8.2.1;
						DevelopmentTeam = 2S3D8J8M3T;
						ProvisioningStyle = Automatic;
						TestTargetID = 6CFAE9541E8AF66500810CF0;
					};
					6CFAE9761E8AF66500810CF0 = {
						CreatedOnToolsVersion = 8.2.1;
						DevelopmentTeam = 2S3D8J8M3T;
						ProvisioningStyle = Automatic;
						TestTargetID = 6CFAE9541E8AF66500810CF0;
					};
				};
			};
			buildConfigurationList = 6CFAE9501E8AF66500810CF0 /* Build configuration list for PBXProject "Random Project" */;
			compatibilityVersion = "Xcode 3.2";
			developmentRegion = English;
			hasScannedForEncodings = 0;
			knownRegions = (
				en,
				Base,
			);
			mainGroup = 6CFAE94C1E8AF66500810CF0;
			productRefGroup = 6CFAE9561E8AF66500810CF0 /* Products */;
			projectDirPath = "";
			projectRoot = "";
			targets = (
				6CFAE9541E8AF66500810CF0 /* Random Project */,
				6CFAE96B1E8AF66500810CF0 /* Random ProjectTests */,
				6CFAE9761E8AF66500810CF0 /* Random ProjectUITests */,
			);
		};
/* End PBXProject section */

/* Begin PBXResourcesBuildPhase section */
		6CFAE9531E8AF66500810CF0 /* Resources */ = {
			isa = PBXResourcesBuildPhase;
			buildActionMask = 2147483647;
			files = (
				6CFAE9661E8AF66500810CF0 /* LaunchScreen.storyboard in Resources */,
				6CFAE9631E8AF66500810CF0 /* Assets.xcassets in Resources */,
				6CFAE95E1E8AF66500810CF0 /* Main.storyboard in Resources */,
			);
			runOnlyForDeploymentPostprocessing = 0;
		};
		6CFAE96A1E8AF66500810CF0 /* Resources */ = {
			isa = PBXResourcesBuildPhase;
			buildActionMask = 2147483647;
			files = (
			);
			runOnlyForDeploymentPostprocessing = 0;
		};
		6CFAE9751E8AF66500810CF0 /* Resources */ = {
			isa = PBXResourcesBuildPhase;
			buildActionMask = 2147483647;
			files = (
			);
			runOnlyForDeploymentPostprocessing = 0;
		};
/* End PBXResourcesBuildPhase section */

/* Begin PBXSourcesBuildPhase section */
		6CFAE9511E8AF66500810CF0 /* Sources */ = {
			isa = PBXSourcesBuildPhase;
			buildActionMask = 2147483647;
			files = (
				6CFAE9611E8AF66500810CF0 /* Random_Project.xcdatamodeld in Sources */,
				6CFAE95B1E8AF66500810CF0 /* ViewController.swift in Sources */,
				6CFAE9591E8AF66500810CF0 /* AppDelegate.swift in Sources */,
			);
			runOnlyForDeploymentPostprocessing = 0;
		};
		6CFAE9681E8AF66500810CF0 /* Sources */ = {
			isa = PBXSourcesBuildPhase;
			buildActionMask = 2147483647;
			files = (
				6CFAE9711E8AF66500810CF0 /* Random_ProjectTests.swift in Sources */,
			);
			runOnlyForDeploymentPostprocessing = 0;
		};
		6CFAE9731E8AF66500810CF0 /* Sources */ = {
			isa = PBXSourcesBuildPhase;
			buildActionMask = 2147483647;
			files = (
				6CFAE97C1E8AF66500810CF0 /* Random_ProjectUITests.swift in Sources */,
			);
			runOnlyForDeploymentPostprocessing = 0;
		};
/* End PBXSourcesBuildPhase section */

/* Begin PBXTargetDependency section */
		6CFAE96E1E8AF66500810CF0 /* PBXTargetDependency */ = {
			isa = PBXTargetDependency;
			target = 6CFAE9541E8AF66500810CF0 /* Random Project */;
			targetProxy = 6CFAE96D1E8AF66500810CF0 /* PBXContainerItemProxy */;
		};
		6CFAE9791E8AF66500810CF0 /* PBXTargetDependency */ = {
			isa = PBXTargetDependency;
			target = 6CFAE9541E8AF66500810CF0 /* Random Project */;
			targetProxy = 6CFAE9781E8AF66500810CF0 /* PBXContainerItemProxy */;
		};
/* End PBXTargetDependency section */

/* Begin PBXVariantGroup section */
		6CFAE95C1E8AF66500810CF0 /* Main.storyboard */ = {
			isa = PBXVariantGroup;
			children = (
				6CFAE95D1E8AF66500810CF0 /* Base */,
			);
			name = Main.storyboard;
			sourceTree = "<group>";
		};
		6CFAE9641E8AF66500810CF0 /* LaunchScreen.storyboard */ = {
			isa = PBXVariantGroup;
			children = (
				6CFAE9651E8AF66500810CF0 /* Base */,
			);
			name = LaunchScreen.storyboard;
			sourceTree = "<group>";
		};
/* End PBXVariantGroup section */

/* Begin XCBuildConfiguration section */
		6CFAE97E1E8AF66500810CF0 /* Debug */ = {
			isa = XCBuildConfiguration;
			buildSettings = {
				ALWAYS_SEARCH_USER_PATHS = NO;
				CLANG_ANALYZER_NONNULL = YES;
				CLANG_CXX_LANGUAGE_STANDARD = "gnu++0x";
				CLANG_CXX_LIBRARY = "libc++";
				CLANG_ENABLE_MODULES = YES;
				CLANG_ENABLE_OBJC_ARC = YES;
				CLANG_WARN_BOOL_CONVERSION = YES;
				CLANG_WARN_CONSTANT_CONVERSION = YES;
				CLANG_WARN_DIRECT_OBJC_ISA_USAGE = YES_ERROR;
				CLANG_WARN_DOCUMENTATION_COMMENTS = YES;
				CLANG_WARN_EMPTY_BODY = YES;
				CLANG_WARN_ENUM_CONVERSION = YES;
				CLANG_WARN_INFINITE_RECURSION = YES;
				CLANG_WARN_INT_CONVERSION = YES;
				CLANG_WARN_OBJC_ROOT_CLASS = YES_ERROR;
				CLANG_WARN_SUSPICIOUS_MOVE = YES;
				CLANG_WARN_UNREACHABLE_CODE = YES;
				CLANG_WARN__DUPLICATE_METHOD_MATCH = YES;
				"CODE_SIGN_IDENTITY[sdk=iphoneos*]" = "iPhone Developer";
				COPY_PHASE_STRIP = NO;
				DEBUG_INFORMATION_FORMAT = dwarf;
				ENABLE_STRICT_OBJC_MSGSEND = YES;
				ENABLE_TESTABILITY = YES;
				GCC_C_LANGUAGE_STANDARD = gnu99;
				GCC_DYNAMIC_NO_PIC = NO;
				GCC_NO_COMMON_BLOCKS = YES;
				GCC_OPTIMIZATION_LEVEL = 0;
				GCC_PREPROCESSOR_DEFINITIONS = (
					"DEBUG=1",
					"$(inherited)",
				);
				GCC_WARN_64_TO_32_BIT_CONVERSION = YES;
				GCC_WARN_ABOUT_RETURN_TYPE = YES_ERROR;
				GCC_WARN_UNDECLARED_SELECTOR = YES;
				GCC_WARN_UNINITIALIZED_AUTOS = YES_AGGRESSIVE;
				GCC_WARN_UNUSED_FUNCTION = YES;
				GCC_WARN_UNUSED_VARIABLE = YES;
				IPHONEOS_DEPLOYMENT_TARGET = 10.2;
				MTL_ENABLE_DEBUG_INFO = YES;
				ONLY_ACTIVE_ARCH = YES;
				SDKROOT = iphoneos;
				SWIFT_ACTIVE_COMPILATION_CONDITIONS = DEBUG;
				SWIFT_OPTIMIZATION_LEVEL = "-Onone";
				TARGETED_DEVICE_FAMILY = "1,2";
			};
			name = Debug;
		};
		6CFAE97F1E8AF66500810CF0 /* Release */ = {
			isa = XCBuildConfiguration;
			buildSettings = {
				ALWAYS_SEARCH_USER_PATHS = NO;
				CLANG_ANALYZER_NONNULL = YES;
				CLANG_CXX_LANGUAGE_STANDARD = "gnu++0x";
				CLANG_CXX_LIBRARY = "libc++";
				CLANG_ENABLE_MODULES = YES;
				CLANG_ENABLE_OBJC_ARC = YES;
				CLANG_WARN_BOOL_CONVERSION = YES;
				CLANG_WARN_CONSTANT_CONVERSION = YES;
				CLANG_WARN_DIRECT_OBJC_ISA_USAGE = YES_ERROR;
				CLANG_WARN_DOCUMENTATION_COMMENTS = YES;
				CLANG_WARN_EMPTY_BODY = YES;
				CLANG_WARN_ENUM_CONVERSION = YES;
				CLANG_WARN_INFINITE_RECURSION = YES;
				CLANG_WARN_INT_CONVERSION = YES;
				CLANG_WARN_OBJC_ROOT_CLASS = YES_ERROR;
				CLANG_WARN_SUSPICIOUS_MOVE = YES;
				CLANG_WARN_UNREACHABLE_CODE = YES;
				CLANG_WARN__DUPLICATE_METHOD_MATCH = YES;
				"CODE_SIGN_IDENTITY[sdk=iphoneos*]" = "iPhone Developer";
				COPY_PHASE_STRIP = NO;
				DEBUG_INFORMATION_FORMAT = "dwarf-with-dsym";
				ENABLE_NS_ASSERTIONS = NO;
				ENABLE_STRICT_OBJC_MSGSEND = YES;
				GCC_C_LANGUAGE_STANDARD = gnu99;
				GCC_NO_COMMON_BLOCKS = YES;
				GCC_WARN_64_TO_32_BIT_CONVERSION = YES;
				GCC_WARN_ABOUT_RETURN_TYPE = YES_ERROR;
				GCC_WARN_UNDECLARED_SELECTOR = YES;
				GCC_WARN_UNINITIALIZED_AUTOS = YES_AGGRESSIVE;
				GCC_WARN_UNUSED_FUNCTION = YES;
				GCC_WARN_UNUSED_VARIABLE = YES;
				IPHONEOS_DEPLOYMENT_TARGET = 10.2;
				MTL_ENABLE_DEBUG_INFO = NO;
				SDKROOT = iphoneos;
				SWIFT_OPTIMIZATION_LEVEL = "-Owholemodule";
				TARGETED_DEVICE_FAMILY = "1,2";
				VALIDATE_PRODUCT = YES;
			};
			name = Release;
		};
		6CFAE9811E8AF66500810CF0 /* Debug */ = {
			isa = XCBuildConfiguration;
			buildSettings = {
				ASSETCATALOG_COMPILER_APPICON_NAME = AppIcon;
				DEVELOPMENT_TEAM = 2S3D8J8M3T;
				INFOPLIST_FILE = "Random Project/Info.plist";
				LD_RUNPATH_SEARCH_PATHS = "$(inherited) @executable_path/Frameworks";
				PRODUCT_BUNDLE_IDENTIFIER = "Elysia.Random-Project";
				PRODUCT_NAME = "$(TARGET_NAME)";
				SWIFT_VERSION = 3.0;
			};
			name = Debug;
		};
		6CFAE9821E8AF66500810CF0 /* Release */ = {
			isa = XCBuildConfiguration;
			buildSettings = {
				ASSETCATALOG_COMPILER_APPICON_NAME = AppIcon;
				DEVELOPMENT_TEAM = 2S3D8J8M3T;
				INFOPLIST_FILE = "Random Project/Info.plist";
				LD_RUNPATH_SEARCH_PATHS = "$(inherited) @executable_path/Frameworks";
				PRODUCT_BUNDLE_IDENTIFIER = "Elysia.Random-Project";
				PRODUCT_NAME = "$(TARGET_NAME)";
				SWIFT_VERSION = 3.0;
			};
			name = Release;
		};
		6CFAE9841E8AF66500810CF0 /* Debug */ = {
			isa = XCBuildConfiguration;
			buildSettings = {
				ALWAYS_EMBED_SWIFT_STANDARD_LIBRARIES = YES;
				BUNDLE_LOADER = "$(TEST_HOST)";
				DEVELOPMENT_TEAM = 2S3D8J8M3T;
				INFOPLIST_FILE = "Random ProjectTests/Info.plist";
				LD_RUNPATH_SEARCH_PATHS = "$(inherited) @executable_path/Frameworks @loader_path/Frameworks";
				PRODUCT_BUNDLE_IDENTIFIER = "Elysia.Random-ProjectTests";
				PRODUCT_NAME = "$(TARGET_NAME)";
				SWIFT_VERSION = 3.0;
				TEST_HOST = "$(BUILT_PRODUCTS_DIR)/Random Project.app/Random Project";
			};
			name = Debug;
		};
		6CFAE9851E8AF66500810CF0 /* Release */ = {
			isa = XCBuildConfiguration;
			buildSettings = {
				ALWAYS_EMBED_SWIFT_STANDARD_LIBRARIES = YES;
				BUNDLE_LOADER = "$(TEST_HOST)";
				DEVELOPMENT_TEAM = 2S3D8J8M3T;
				INFOPLIST_FILE = "Random ProjectTests/Info.plist";
				LD_RUNPATH_SEARCH_PATHS = "$(inherited) @executable_path/Frameworks @loader_path/Frameworks";
				PRODUCT_BUNDLE_IDENTIFIER = "Elysia.Random-ProjectTests";
				PRODUCT_NAME = "$(TARGET_NAME)";
				SWIFT_VERSION = 3.0;
				TEST_HOST = "$(BUILT_PRODUCTS_DIR)/Random Project.app/Random Project";
			};
			name = Release;
		};
		6CFAE9871E8AF66500810CF0 /* Debug */ = {
			isa = XCBuildConfiguration;
			buildSettings = {
				ALWAYS_EMBED_SWIFT_STANDARD_LIBRARIES = YES;
				DEVELOPMENT_TEAM = 2S3D8J8M3T;
				INFOPLIST_FILE = "Random ProjectUITests/Info.plist";
				LD_RUNPATH_SEARCH_PATHS = "$(inherited) @executable_path/Frameworks @loader_path/Frameworks";
				PRODUCT_BUNDLE_IDENTIFIER = "Elysia.Random-ProjectUITests";
				PRODUCT_NAME = "$(TARGET_NAME)";
				SWIFT_VERSION = 3.0;
				TEST_TARGET_NAME = "Random Project";
			};
			name = Debug;
		};
		6CFAE9881E8AF66500810CF0 /* Release */ = {
			isa = XCBuildConfiguration;
			buildSettings = {
				ALWAYS_EMBED_SWIFT_STANDARD_LIBRARIES = YES;
				DEVELOPMENT_TEAM = 2S3D8J8M3T;
				INFOPLIST_FILE = "Random ProjectUITests/Info.plist";
				LD_RUNPATH_SEARCH_PATHS = "$(inherited) @executable_path/Frameworks @loader_path/Frameworks";
				PRODUCT_BUNDLE_IDENTIFIER = "Elysia.Random-ProjectUITests";
				PRODUCT_NAME = "$(TARGET_NAME)";
				SWIFT_VERSION = 3.0;
				TEST_TARGET_NAME = "Random Project";
			};
			name = Release;
		};
/* End XCBuildConfiguration section */

/* Begin XCConfigurationList section */
		6CFAE9501E8AF66500810CF0 /* Build configuration list for PBXProject "Random Project" */ = {
			isa = XCConfigurationList;
			buildConfigurations = (
				6CFAE97E1E8AF66500810CF0 /* Debug */,
				6CFAE97F1E8AF66500810CF0 /* Release */,
			);
			defaultConfigurationIsVisible = 0;
			defaultConfigurationName = Release;
		};
		6CFAE9801E8AF66500810CF0 /* Build configuration list for PBXNativeTarget "Random Project" */ = {
			isa = XCConfigurationList;
			buildConfigurations = (
				6CFAE9811E8AF66500810CF0 /* Debug */,
				6CFAE9821E8AF66500810CF0 /* Release */,
			);
			defaultConfigurationIsVisible = 0;
		};
		6CFAE9831E8AF66500810CF0 /* Build configuration list for PBXNativeTarget "Random ProjectTests" */ = {
			isa = XCConfigurationList;
			buildConfigurations = (
				6CFAE9841E8AF66500810CF0 /* Debug */,
				6CFAE9851E8AF66500810CF0 /* Release */,
			);
			defaultConfigurationIsVisible = 0;
		};
		6CFAE9861E8AF66500810CF0 /* Build configuration list for PBXNativeTarget "Random ProjectUITests" */ = {
			isa = XCConfigurationList;
			buildConfigurations = (
				6CFAE9871E8AF66500810CF0 /* Debug */,
				6CFAE9881E8AF66500810CF0 /* Release */,
			);
			defaultConfigurationIsVisible = 0;
		};
/* End XCConfigurationList section */

/* Begin XCVersionGroup section */
		6CFAE95F1E8AF66500810CF0 /* Random_Project.xcdatamodeld */ = {
			isa = XCVersionGroup;
			children = (
				6CFAE9601E8AF66500810CF0 /* Random_Project.xcdatamodel */,
			);
			currentVersion = 6CFAE9601E8AF66500810CF0 /* Random_Project.xcdatamodel */;
			path = Random_Project.xcdatamodeld;
			sourceTree = "<group>";
			versionGroupType = wrapper.xcdatamodel;
		};
/* End XCVersionGroup section */
	};
	rootObject = 6CFAE94D1E8AF66500810CF0 /* Project object */;
}
